
Microsoft Visual Studio Solution File, Format Version 12.00
# Visual Studio 15
VisualStudioVersion = 15.0.28307.1267
MinimumVisualStudioVersion = 10.0.40219.1
Project("{FAE04EC0-301F-11D3-BF4B-00C04F79EFBC}") = "1-PrimeiroProjeto", "1-PrimeiroProjeto\1-PrimeiroProjeto.csproj", "{5886DD89-64EA-43CE-B33F-1F80BC2A5E99}"
EndProject
Project("{FAE04EC0-301F-11D3-BF4B-00C04F79EFBC}") = "2-CriandoVariaveis", "2-CriandoVariaveis\2-CriandoVariaveis.csproj", "{B9D097C2-8930-4979-9170-DAC2F7B6BE85}"
EndProject
Project("{FAE04EC0-301F-11D3-BF4B-00C04F79EFBC}") = "3-CriandoVariaveisPontoFlutuante", "3-CriandoVariaveisPontoFlutuante\3-CriandoVariaveisPontoFlutuante.csproj", "{74142348-FC6C-488C-B7EF-345F007F2F9C}"
EndProject
Project("{FAE04EC0-301F-11D3-BF4B-00C04F79EFBC}") = "4-ConversoesEOutrosTiposNumericos", "4-ConversoesEOutrosTiposNumericos\4-ConversoesEOutrosTiposNumericos.csproj", "{B41865BA-DDBF-41D5-9DC1-449C83DB2955}"
EndProject
Project("{FAE04EC0-301F-11D3-BF4B-00C04F79EFBC}") = "5-CaracteresETextos", "5-CaracteresETextos\5-CaracteresETextos.csproj", "{CBA09B82-1F7D-4CDF-BE0F-6E1A25536A9F}"
EndProject
Project("{FAE04EC0-301F-11D3-BF4B-00C04F79EFBC}") = "6-AtribuicoesDeVariaveis", "6-AtribuicoesDeVariaveis\6-AtribuicoesDeVariaveis.csproj", "{585024D0-AF9E-4D17-AAC3-90A530CBB273}"
EndProject
Project("{FAE04EC0-301F-11D3-BF4B-00C04F79EFBC}") = "7-Condicionais", "7-Condicionais\7-Condicionais.csproj", "{D26770C6-E522-4E9D-8827-AC76409EA0DF}"
EndProject
Project("{FAE04EC0-301F-11D3-BF4B-00C04F79EFBC}") = "8-Condicionais2", "8-Condicionais2\8-Condicionais2.csproj", "{A0916363-7AF1-4170-A992-CCEF402EF428}"
EndProject
Project("{FAE04EC0-301F-11D3-BF4B-00C04F79EFBC}") = "9-Escopo", "9-Escopo\9-Escopo.csproj", "{FA3CDF50-D0F9-4344-881F-C8BA1AAAFADB}"
EndProject
Project("{FAE04EC0-301F-11D3-BF4B-00C04F79EFBC}") = "P10-CalculaPoupanca", "P10-CalculaPoupanca\P10-CalculaPoupanca.csproj", "{81D51B4B-2EED-487B-9C5E-F4CBF0B28972}"
EndProject
Global
	GlobalSection(SolutionConfigurationPlatforms) = preSolution
		Debug|Any CPU = Debug|Any CPU
		Release|Any CPU = Release|Any CPU
	EndGlobalSection
	GlobalSection(ProjectConfigurationPlatforms) = postSolution
		{5886DD89-64EA-43CE-B33F-1F80BC2A5E99}.Debug|Any CPU.ActiveCfg = Debug|Any CPU
		{5886DD89-64EA-43CE-B33F-1F80BC2A5E99}.Debug|Any CPU.Build.0 = Debug|Any CPU
		{5886DD89-64EA-43CE-B33F-1F80BC2A5E99}.Release|Any CPU.ActiveCfg = Release|Any CPU
		{5886DD89-64EA-43CE-B33F-1F80BC2A5E99}.Release|Any CPU.Build.0 = Release|Any CPU
		{B9D097C2-8930-4979-9170-DAC2F7B6BE85}.Debug|Any CPU.ActiveCfg = Debug|Any CPU
		{B9D097C2-8930-4979-9170-DAC2F7B6BE85}.Debug|Any CPU.Build.0 = Debug|Any CPU
		{B9D097C2-8930-4979-9170-DAC2F7B6BE85}.Release|Any CPU.ActiveCfg = Release|Any CPU
		{B9D097C2-8930-4979-9170-DAC2F7B6BE85}.Release|Any CPU.Build.0 = Release|Any CPU
		{74142348-FC6C-488C-B7EF-345F007F2F9C}.Debug|Any CPU.ActiveCfg = Debug|Any CPU
		{74142348-FC6C-488C-B7EF-345F007F2F9C}.Debug|Any CPU.Build.0 = Debug|Any CPU
		{74142348-FC6C-488C-B7EF-345F007F2F9C}.Release|Any CPU.ActiveCfg = Release|Any CPU
		{74142348-FC6C-488C-B7EF-345F007F2F9C}.Release|Any CPU.Build.0 = Release|Any CPU
		{B41865BA-DDBF-41D5-9DC1-449C83DB2955}.Debug|Any CPU.ActiveCfg = Debug|Any CPU
		{B41865BA-DDBF-41D5-9DC1-449C83DB2955}.Debug|Any CPU.Build.0 = Debug|Any CPU
		{B41865BA-DDBF-41D5-9DC1-449C83DB2955}.Release|Any CPU.ActiveCfg = Release|Any CPU
		{B41865BA-DDBF-41D5-9DC1-449C83DB2955}.Release|Any CPU.Build.0 = Release|Any CPU
		{CBA09B82-1F7D-4CDF-BE0F-6E1A25536A9F}.Debug|Any CPU.ActiveCfg = Debug|Any CPU
		{CBA09B82-1F7D-4CDF-BE0F-6E1A25536A9F}.Debug|Any CPU.Build.0 = Debug|Any CPU
		{CBA09B82-1F7D-4CDF-BE0F-6E1A25536A9F}.Release|Any CPU.ActiveCfg = Release|Any CPU
		{CBA09B82-1F7D-4CDF-BE0F-6E1A25536A9F}.Release|Any CPU.Build.0 = Release|Any CPU
		{585024D0-AF9E-4D17-AAC3-90A530CBB273}.Debug|Any CPU.ActiveCfg = Debug|Any CPU
		{585024D0-AF9E-4D17-AAC3-90A530CBB273}.Debug|Any CPU.Build.0 = Debug|Any CPU
		{585024D0-AF9E-4D17-AAC3-90A530CBB273}.Release|Any CPU.ActiveCfg = Release|Any CPU
		{585024D0-AF9E-4D17-AAC3-90A530CBB273}.Release|Any CPU.Build.0 = Release|Any CPU
		{D26770C6-E522-4E9D-8827-AC76409EA0DF}.Debug|Any CPU.ActiveCfg = Debug|Any CPU
		{D26770C6-E522-4E9D-8827-AC76409EA0DF}.Debug|Any CPU.Build.0 = Debug|Any CPU
		{D26770C6-E522-4E9D-8827-AC76409EA0DF}.Release|Any CPU.ActiveCfg = Release|Any CPU
		{D26770C6-E522-4E9D-8827-AC76409EA0DF}.Release|Any CPU.Build.0 = Release|Any CPU
		{A0916363-7AF1-4170-A992-CCEF402EF428}.Debug|Any CPU.ActiveCfg = Debug|Any CPU
		{A0916363-7AF1-4170-A992-CCEF402EF428}.Debug|Any CPU.Build.0 = Debug|Any CPU
		{A0916363-7AF1-4170-A992-CCEF402EF428}.Release|Any CPU.ActiveCfg = Release|Any CPU
		{A0916363-7AF1-4170-A992-CCEF402EF428}.Release|Any CPU.Build.0 = Release|Any CPU
		{FA3CDF50-D0F9-4344-881F-C8BA1AAAFADB}.Debug|Any CPU.ActiveCfg = Debug|Any CPU
		{FA3CDF50-D0F9-4344-881F-C8BA1AAAFADB}.Debug|Any CPU.Build.0 = Debug|Any CPU
		{FA3CDF50-D0F9-4344-881F-C8BA1AAAFADB}.Release|Any CPU.ActiveCfg = Release|Any CPU
		{FA3CDF50-D0F9-4344-881F-C8BA1AAAFADB}.Release|Any CPU.Build.0 = Release|Any CPU
		{81D51B4B-2EED-487B-9C5E-F4CBF0B28972}.Debug|Any CPU.ActiveCfg = Debug|Any CPU
		{81D51B4B-2EED-487B-9C5E-F4CBF0B28972}.Debug|Any CPU.Build.0 = Debug|Any CPU
		{81D51B4B-2EED-487B-9C5E-F4CBF0B28972}.Release|Any CPU.ActiveCfg = Release|Any CPU
		{81D51B4B-2EED-487B-9C5E-F4CBF0B28972}.Release|Any CPU.Build.0 = Release|Any CPU
	EndGlobalSection
	GlobalSection(SolutionProperties) = preSolution
		HideSolutionNode = FALSE
	EndGlobalSection
	GlobalSection(ExtensibilityGlobals) = postSolution
		SolutionGuid = {3EDEC2D5-C0E0-4E92-AE1A-59226AFF6790}
	EndGlobalSection
EndGlobal
