
Microsoft Visual Studio Solution File, Format Version 12.00
# Visual Studio 15
VisualStudioVersion = 15.0.28307.1267
MinimumVisualStudioVersion = 10.0.40219.1
Project("{FAE04EC0-301F-11D3-BF4B-00C04F79EFBC}") = "1-PrimeiroProjeto", "1-PrimeiroProjeto\1-PrimeiroProjeto.csproj", "{5886DD89-64EA-43CE-B33F-1F80BC2A5E99}"
EndProject
Project("{FAE04EC0-301F-11D3-BF4B-00C04F79EFBC}") = "2-CriandoVariaveis", "2-CriandoVariaveis\2-CriandoVariaveis.csproj", "{B9D097C2-8930-4979-9170-DAC2F7B6BE85}"
EndProject
Project("{FAE04EC0-301F-11D3-BF4B-00C04F79EFBC}") = "3-CriandoVariaveisPontoFlutuante", "3-CriandoVariaveisPontoFlutuante\3-CriandoVariaveisPontoFlutuante.csproj", "{74142348-FC6C-488C-B7EF-345F007F2F9C}"
EndProject
Project("{FAE04EC0-301F-11D3-BF4B-00C04F79EFBC}") = "4-ConversoesEOutrosTiposNumericos", "4-ConversoesEOutrosTiposNumericos\4-ConversoesEOutrosTiposNumericos.csproj", "{B41865BA-DDBF-41D5-9DC1-449C83DB2955}"
EndProject
Project("{FAE04EC0-301F-11D3-BF4B-00C04F79EFBC}") = "5-CaracteresETextos", "5-CaracteresETextos\5-CaracteresETextos.csproj", "{CBA09B82-1F7D-4CDF-BE0F-6E1A25536A9F}"
EndProject
Global
	GlobalSection(SolutionConfigurationPlatforms) = preSolution
		Debug|Any CPU = Debug|Any CPU
		Release|Any CPU = Release|Any CPU
	EndGlobalSection
	GlobalSection(ProjectConfigurationPlatforms) = postSolution
		{5886DD89-64EA-43CE-B33F-1F80BC2A5E99}.Debug|Any CPU.ActiveCfg = Debug|Any CPU
		{5886DD89-64EA-43CE-B33F-1F80BC2A5E99}.Debug|Any CPU.Build.0 = Debug|Any CPU
		{5886DD89-64EA-43CE-B33F-1F80BC2A5E99}.Release|Any CPU.ActiveCfg = Release|Any CPU
		{5886DD89-64EA-43CE-B33F-1F80BC2A5E99}.Release|Any CPU.Build.0 = Release|Any CPU
		{B9D097C2-8930-4979-9170-DAC2F7B6BE85}.Debug|Any CPU.ActiveCfg = Debug|Any CPU
		{B9D097C2-8930-4979-9170-DAC2F7B6BE85}.Debug|Any CPU.Build.0 = Debug|Any CPU
		{B9D097C2-8930-4979-9170-DAC2F7B6BE85}.Release|Any CPU.ActiveCfg = Release|Any CPU
		{B9D097C2-8930-4979-9170-DAC2F7B6BE85}.Release|Any CPU.Build.0 = Release|Any CPU
		{74142348-FC6C-488C-B7EF-345F007F2F9C}.Debug|Any CPU.ActiveCfg = Debug|Any CPU
		{74142348-FC6C-488C-B7EF-345F007F2F9C}.Debug|Any CPU.Build.0 = Debug|Any CPU
		{74142348-FC6C-488C-B7EF-345F007F2F9C}.Release|Any CPU.ActiveCfg = Release|Any CPU
		{74142348-FC6C-488C-B7EF-345F007F2F9C}.Release|Any CPU.Build.0 = Release|Any CPU
		{B41865BA-DDBF-41D5-9DC1-449C83DB2955}.Debug|Any CPU.ActiveCfg = Debug|Any CPU
		{B41865BA-DDBF-41D5-9DC1-449C83DB2955}.Debug|Any CPU.Build.0 = Debug|Any CPU
		{B41865BA-DDBF-41D5-9DC1-449C83DB2955}.Release|Any CPU.ActiveCfg = Release|Any CPU
		{B41865BA-DDBF-41D5-9DC1-449C83DB2955}.Release|Any CPU.Build.0 = Release|Any CPU
		{CBA09B82-1F7D-4CDF-BE0F-6E1A25536A9F}.Debug|Any CPU.ActiveCfg = Debug|Any CPU
		{CBA09B82-1F7D-4CDF-BE0F-6E1A25536A9F}.Debug|Any CPU.Build.0 = Debug|Any CPU
		{CBA09B82-1F7D-4CDF-BE0F-6E1A25536A9F}.Release|Any CPU.ActiveCfg = Release|Any CPU
		{CBA09B82-1F7D-4CDF-BE0F-6E1A25536A9F}.Release|Any CPU.Build.0 = Release|Any CPU
	EndGlobalSection
	GlobalSection(SolutionProperties) = preSolution
		HideSolutionNode = FALSE
	EndGlobalSection
	GlobalSection(ExtensibilityGlobals) = postSolution
		SolutionGuid = {3EDEC2D5-C0E0-4E92-AE1A-59226AFF6790}
	EndGlobalSection
EndGlobal
